
Microsoft Visual Studio Solution File, Format Version 12.00
# Visual Studio 15
VisualStudioVersion = 15.0.28307.572
MinimumVisualStudioVersion = 10.0.40219.1
Project("{FAE04EC0-301F-11D3-BF4B-00C04F79EFBC}") = "DT.STS.IdentityServer.Domain", "DT.STS.IdentityServer.Domain\DT.STS.IdentityServer.Domain.csproj", "{D9B16DDC-E5B3-4257-A50E-DDBA8E374DC9}"
EndProject
Project("{FAE04EC0-301F-11D3-BF4B-00C04F79EFBC}") = "DT.STS.IdentityServer.Persistence", "DT.STS.IdentityServer.Persistence\DT.STS.IdentityServer.Persistence.csproj", "{3A3E2E89-BF89-4810-AA6B-D1A8B3AB691D}"
EndProject
Project("{FAE04EC0-301F-11D3-BF4B-00C04F79EFBC}") = "DT.STS.IdentityServer.Application", "DT.STS.IdentityServer.Application\DT.STS.IdentityServer.Application.csproj", "{213E99B6-1813-4AA4-B414-44078DECE0D6}"
EndProject
Project("{FAE04EC0-301F-11D3-BF4B-00C04F79EFBC}") = "DT.STS.IdentityServer.Common", "DT.STS.IdentityServer.Common\DT.STS.IdentityServer.Common.csproj", "{07EC6671-51F9-4057-9B56-D65033529EE3}"
EndProject
Project("{FAE04EC0-301F-11D3-BF4B-00C04F79EFBC}") = "DT.STS.IdentityServer.Mvc", "DT.STS.IdentityServer.Mvc\DT.STS.IdentityServer.Mvc.csproj", "{6FF07508-76CF-459D-AA97-76B3BAD58D65}"
EndProject
Project("{FAE04EC0-301F-11D3-BF4B-00C04F79EFBC}") = "DT.MasterData.WebApi", "DT.MasterData.WebApi\DT.MasterData.WebApi.csproj", "{9AF5E7F7-DD51-4604-840D-68B0A306C2A2}"
EndProject
Project("{FAE04EC0-301F-11D3-BF4B-00C04F79EFBC}") = "DT.STS.IdentityServer.WinAuth", "DT.STS.IdentityServer.WinAuth\DT.STS.IdentityServer.WinAuth.csproj", "{02284370-1385-4608-91ED-AF772E7E49E1}"
EndProject
Global
	GlobalSection(SolutionConfigurationPlatforms) = preSolution
		Debug|Any CPU = Debug|Any CPU
		Release|Any CPU = Release|Any CPU
	EndGlobalSection
	GlobalSection(ProjectConfigurationPlatforms) = postSolution
		{D9B16DDC-E5B3-4257-A50E-DDBA8E374DC9}.Debug|Any CPU.ActiveCfg = Debug|Any CPU
		{D9B16DDC-E5B3-4257-A50E-DDBA8E374DC9}.Debug|Any CPU.Build.0 = Debug|Any CPU
		{D9B16DDC-E5B3-4257-A50E-DDBA8E374DC9}.Release|Any CPU.ActiveCfg = Release|Any CPU
		{D9B16DDC-E5B3-4257-A50E-DDBA8E374DC9}.Release|Any CPU.Build.0 = Release|Any CPU
		{3A3E2E89-BF89-4810-AA6B-D1A8B3AB691D}.Debug|Any CPU.ActiveCfg = Debug|Any CPU
		{3A3E2E89-BF89-4810-AA6B-D1A8B3AB691D}.Debug|Any CPU.Build.0 = Debug|Any CPU
		{3A3E2E89-BF89-4810-AA6B-D1A8B3AB691D}.Release|Any CPU.ActiveCfg = Release|Any CPU
		{3A3E2E89-BF89-4810-AA6B-D1A8B3AB691D}.Release|Any CPU.Build.0 = Release|Any CPU
		{213E99B6-1813-4AA4-B414-44078DECE0D6}.Debug|Any CPU.ActiveCfg = Debug|Any CPU
		{213E99B6-1813-4AA4-B414-44078DECE0D6}.Debug|Any CPU.Build.0 = Debug|Any CPU
		{213E99B6-1813-4AA4-B414-44078DECE0D6}.Release|Any CPU.ActiveCfg = Release|Any CPU
		{213E99B6-1813-4AA4-B414-44078DECE0D6}.Release|Any CPU.Build.0 = Release|Any CPU
		{07EC6671-51F9-4057-9B56-D65033529EE3}.Debug|Any CPU.ActiveCfg = Debug|Any CPU
		{07EC6671-51F9-4057-9B56-D65033529EE3}.Debug|Any CPU.Build.0 = Debug|Any CPU
		{07EC6671-51F9-4057-9B56-D65033529EE3}.Release|Any CPU.ActiveCfg = Release|Any CPU
		{07EC6671-51F9-4057-9B56-D65033529EE3}.Release|Any CPU.Build.0 = Release|Any CPU
		{6FF07508-76CF-459D-AA97-76B3BAD58D65}.Debug|Any CPU.ActiveCfg = Debug|Any CPU
		{6FF07508-76CF-459D-AA97-76B3BAD58D65}.Debug|Any CPU.Build.0 = Debug|Any CPU
		{6FF07508-76CF-459D-AA97-76B3BAD58D65}.Release|Any CPU.ActiveCfg = Release|Any CPU
		{6FF07508-76CF-459D-AA97-76B3BAD58D65}.Release|Any CPU.Build.0 = Release|Any CPU
		{9AF5E7F7-DD51-4604-840D-68B0A306C2A2}.Debug|Any CPU.ActiveCfg = Debug|Any CPU
		{9AF5E7F7-DD51-4604-840D-68B0A306C2A2}.Debug|Any CPU.Build.0 = Debug|Any CPU
		{9AF5E7F7-DD51-4604-840D-68B0A306C2A2}.Release|Any CPU.ActiveCfg = Release|Any CPU
		{9AF5E7F7-DD51-4604-840D-68B0A306C2A2}.Release|Any CPU.Build.0 = Release|Any CPU
		{02284370-1385-4608-91ED-AF772E7E49E1}.Debug|Any CPU.ActiveCfg = Debug|Any CPU
		{02284370-1385-4608-91ED-AF772E7E49E1}.Debug|Any CPU.Build.0 = Debug|Any CPU
		{02284370-1385-4608-91ED-AF772E7E49E1}.Release|Any CPU.ActiveCfg = Release|Any CPU
		{02284370-1385-4608-91ED-AF772E7E49E1}.Release|Any CPU.Build.0 = Release|Any CPU
	EndGlobalSection
	GlobalSection(SolutionProperties) = preSolution
		HideSolutionNode = FALSE
	EndGlobalSection
	GlobalSection(ExtensibilityGlobals) = postSolution
		SolutionGuid = {39465189-493F-4D39-BD2B-5BB04DDD6295}
	EndGlobalSection
EndGlobal
